
Microsoft Visual Studio Solution File, Format Version 11.00
# Visual Studio 2010
Project("{FAE04EC0-301F-11D3-BF4B-00C04F79EFBC}") = "Server", "Server\Server.csproj", "{26E381A2-C4B4-4BDB-B320-E61DFDD87A66}"
EndProject
Project("{FAE04EC0-301F-11D3-BF4B-00C04F79EFBC}") = "Contract", "Contract\Contract.csproj", "{5BDEACB2-DFA5-45A0-9914-26FA0B04C15D}"
EndProject
Project("{FAE04EC0-301F-11D3-BF4B-00C04F79EFBC}") = "Client", "Client\Client.csproj", "{AEF93B90-64E4-4113-AAE4-345D7814D213}"
EndProject
Global
	GlobalSection(SolutionConfigurationPlatforms) = preSolution
		Debug|Any CPU = Debug|Any CPU
		Debug|Mixed Platforms = Debug|Mixed Platforms
		Debug|x86 = Debug|x86
		Release|Any CPU = Release|Any CPU
		Release|Mixed Platforms = Release|Mixed Platforms
		Release|x86 = Release|x86
	EndGlobalSection
	GlobalSection(ProjectConfigurationPlatforms) = postSolution
		{26E381A2-C4B4-4BDB-B320-E61DFDD87A66}.Debug|Any CPU.ActiveCfg = Debug|x86
		{26E381A2-C4B4-4BDB-B320-E61DFDD87A66}.Debug|Mixed Platforms.ActiveCfg = Debug|x86
		{26E381A2-C4B4-4BDB-B320-E61DFDD87A66}.Debug|Mixed Platforms.Build.0 = Debug|x86
		{26E381A2-C4B4-4BDB-B320-E61DFDD87A66}.Debug|x86.ActiveCfg = Debug|x86
		{26E381A2-C4B4-4BDB-B320-E61DFDD87A66}.Debug|x86.Build.0 = Debug|x86
		{26E381A2-C4B4-4BDB-B320-E61DFDD87A66}.Release|Any CPU.ActiveCfg = Release|x86
		{26E381A2-C4B4-4BDB-B320-E61DFDD87A66}.Release|Mixed Platforms.ActiveCfg = Release|x86
		{26E381A2-C4B4-4BDB-B320-E61DFDD87A66}.Release|Mixed Platforms.Build.0 = Release|x86
		{26E381A2-C4B4-4BDB-B320-E61DFDD87A66}.Release|x86.ActiveCfg = Release|x86
		{26E381A2-C4B4-4BDB-B320-E61DFDD87A66}.Release|x86.Build.0 = Release|x86
		{5BDEACB2-DFA5-45A0-9914-26FA0B04C15D}.Debug|Any CPU.ActiveCfg = Debug|Any CPU
		{5BDEACB2-DFA5-45A0-9914-26FA0B04C15D}.Debug|Any CPU.Build.0 = Debug|Any CPU
		{5BDEACB2-DFA5-45A0-9914-26FA0B04C15D}.Debug|Mixed Platforms.ActiveCfg = Debug|Any CPU
		{5BDEACB2-DFA5-45A0-9914-26FA0B04C15D}.Debug|Mixed Platforms.Build.0 = Debug|Any CPU
		{5BDEACB2-DFA5-45A0-9914-26FA0B04C15D}.Debug|x86.ActiveCfg = Debug|Any CPU
		{5BDEACB2-DFA5-45A0-9914-26FA0B04C15D}.Release|Any CPU.ActiveCfg = Release|Any CPU
		{5BDEACB2-DFA5-45A0-9914-26FA0B04C15D}.Release|Any CPU.Build.0 = Release|Any CPU
		{5BDEACB2-DFA5-45A0-9914-26FA0B04C15D}.Release|Mixed Platforms.ActiveCfg = Release|Any CPU
		{5BDEACB2-DFA5-45A0-9914-26FA0B04C15D}.Release|Mixed Platforms.Build.0 = Release|Any CPU
		{5BDEACB2-DFA5-45A0-9914-26FA0B04C15D}.Release|x86.ActiveCfg = Release|Any CPU
		{AEF93B90-64E4-4113-AAE4-345D7814D213}.Debug|Any CPU.ActiveCfg = Debug|x86
		{AEF93B90-64E4-4113-AAE4-345D7814D213}.Debug|Mixed Platforms.ActiveCfg = Debug|x86
		{AEF93B90-64E4-4113-AAE4-345D7814D213}.Debug|Mixed Platforms.Build.0 = Debug|x86
		{AEF93B90-64E4-4113-AAE4-345D7814D213}.Debug|x86.ActiveCfg = Debug|x86
		{AEF93B90-64E4-4113-AAE4-345D7814D213}.Debug|x86.Build.0 = Debug|x86
		{AEF93B90-64E4-4113-AAE4-345D7814D213}.Release|Any CPU.ActiveCfg = Release|x86
		{AEF93B90-64E4-4113-AAE4-345D7814D213}.Release|Mixed Platforms.ActiveCfg = Release|x86
		{AEF93B90-64E4-4113-AAE4-345D7814D213}.Release|Mixed Platforms.Build.0 = Release|x86
		{AEF93B90-64E4-4113-AAE4-345D7814D213}.Release|x86.ActiveCfg = Release|x86
		{AEF93B90-64E4-4113-AAE4-345D7814D213}.Release|x86.Build.0 = Release|x86
	EndGlobalSection
	GlobalSection(SolutionProperties) = preSolution
		HideSolutionNode = FALSE
	EndGlobalSection
EndGlobal
